
Microsoft Visual Studio Solution File, Format Version 12.00
# Visual Studio Version 17
VisualStudioVersion = 17.10.34928.147
MinimumVisualStudioVersion = 10.0.40219.1
Project("{FAE04EC0-301F-11D3-BF4B-00C04F79EFBC}") = "SpThreadsApp", "SpThreadsApp\SpThreadsApp.csproj", "{32818AE8-D622-410E-8AB6-D8877DC0480E}"
EndProject
Global
	GlobalSection(SolutionConfigurationPlatforms) = preSolution
		Debug|Any CPU = Debug|Any CPU
		Release|Any CPU = Release|Any CPU
	EndGlobalSection
	GlobalSection(ProjectConfigurationPlatforms) = postSolution
		{32818AE8-D622-410E-8AB6-D8877DC0480E}.Debug|Any CPU.ActiveCfg = Debug|Any CPU
		{32818AE8-D622-410E-8AB6-D8877DC0480E}.Debug|Any CPU.Build.0 = Debug|Any CPU
		{32818AE8-D622-410E-8AB6-D8877DC0480E}.Release|Any CPU.ActiveCfg = Release|Any CPU
		{32818AE8-D622-410E-8AB6-D8877DC0480E}.Release|Any CPU.Build.0 = Release|Any CPU
	EndGlobalSection
	GlobalSection(SolutionProperties) = preSolution
		HideSolutionNode = FALSE
	EndGlobalSection
	GlobalSection(ExtensibilityGlobals) = postSolution
		SolutionGuid = {F16E2679-302F-46F6-B015-D21B2B8F3159}
	EndGlobalSection
EndGlobal
